{
  "name": "@angexxl/nestcache",
  "version": "1.0.0",
  "lockfileVersion": 3,
  "requires": true,
  "packages": {
    "": {
      "name": "@angexxl/nestcache",
      "version": "1.0.0",
      "license": "MIT",
      "dependencies": {
        "@inquirer/prompts": "^8.0.1",
        "ioredis": "^5.8.2"
      },
      "bin": {
        "nestcache": "index.js"
      }
    },
    "node_modules/@inquirer/ansi": {
      "version": "2.0.1",
      "resolved": "https://registry.npmjs.org/@inquirer/ansi/-/ansi-2.0.1.tgz",
      "integrity": "sha512-QAZUk6BBncv/XmSEZTscd8qazzjV3E0leUMrEPjxCd51QBgCKmprUGLex5DTsNtURm7LMzv+CLcd6S86xvBfYg==",
      "license": "MIT",
      "engines": {
        "node": ">=23.5.0 || ^22.13.0 || ^21.7.0 || ^20.12.0"
      }
    },
    "node_modules/@inquirer/checkbox": {
      "version": "5.0.1",
      "resolved": "https://registry.npmjs.org/@inquirer/checkbox/-/checkbox-5.0.1.tgz",
      "integrity": "sha512-5VPFBK8jKdsjMK3DTFOlbR0+Kkd4q0AWB7VhWQn6ppv44dr3b7PU8wSJQTC5oA0f/aGW7v/ZozQJAY9zx6PKig==",
      "license": "MIT",
      "dependencies": {
        "@inquirer/ansi": "^2.0.1",
        "@inquirer/core": "^11.0.1",
        "@inquirer/figures": "^2.0.1",
        "@inquirer/type": "^4.0.1"
      },
      "engines": {
        "node": ">=23.5.0 || ^22.13.0 || ^21.7.0 || ^20.12.0"
      },
      "peerDependencies": {
        "@types/node": ">=18"
      },
      "peerDependenciesMeta": {
        "@types/node": {
          "optional": true
        }
      }
    },
    "node_modules/@inquirer/confirm": {
      "version": "6.0.1",
      "resolved": "https://registry.npmjs.org/@inquirer/confirm/-/confirm-6.0.1.tgz",
      "integrity": "sha512-wD+pM7IxLn1TdcQN12Q6wcFe5VpyCuh/I2sSmqO5KjWH2R4v+GkUToHb+PsDGobOe1MtAlXMwGNkZUPc2+L6NA==",
      "license": "MIT",
      "dependencies": {
        "@inquirer/core": "^11.0.1",
        "@inquirer/type": "^4.0.1"
      },
      "engines": {
        "node": ">=23.5.0 || ^22.13.0 || ^21.7.0 || ^20.12.0"
      },
      "peerDependencies": {
        "@types/node": ">=18"
      },
      "peerDependenciesMeta": {
        "@types/node": {
          "optional": true
        }
      }
    },
    "node_modules/@inquirer/core": {
      "version": "11.0.1",
      "resolved": "https://registry.npmjs.org/@inquirer/core/-/core-11.0.1.tgz",
      "integrity": "sha512-Tpf49h50e4KYffVUCXzkx4gWMafUi3aDQDwfVAAGBNnVcXiwJIj4m2bKlZ7Kgyf6wjt1eyXH1wDGXcAokm4Ssw==",
      "license": "MIT",
      "dependencies": {
        "@inquirer/ansi": "^2.0.1",
        "@inquirer/figures": "^2.0.1",
        "@inquirer/type": "^4.0.1",
        "cli-width": "^4.1.0",
        "mute-stream": "^3.0.0",
        "signal-exit": "^4.1.0",
        "wrap-ansi": "^9.0.2"
      },
      "engines": {
        "node": ">=23.5.0 || ^22.13.0 || ^21.7.0 || ^20.12.0"
      },
      "peerDependencies": {
        "@types/node": ">=18"
      },
      "peerDependenciesMeta": {
        "@types/node": {
          "optional": true
        }
      }
    },
    "node_modules/@inquirer/editor": {
      "version": "5.0.1",
      "resolved": "https://registry.npmjs.org/@inquirer/editor/-/editor-5.0.1.tgz",
      "integrity": "sha512-zDKobHI7Ry++4noiV9Z5VfYgSVpPZoMApviIuGwLOMciQaP+dGzCO+1fcwI441riklRiZg4yURWyEoX0Zy2zZw==",
      "license": "MIT",
      "dependencies": {
        "@inquirer/core": "^11.0.1",
        "@inquirer/external-editor": "^2.0.1",
        "@inquirer/type": "^4.0.1"
      },
      "engines": {
        "node": ">=23.5.0 || ^22.13.0 || ^21.7.0 || ^20.12.0"
      },
      "peerDependencies": {
        "@types/node": ">=18"
      },
      "peerDependenciesMeta": {
        "@types/node": {
          "optional": true
        }
      }
    },
    "node_modules/@inquirer/expand": {
      "version": "5.0.1",
      "resolved": "https://registry.npmjs.org/@inquirer/expand/-/expand-5.0.1.tgz",
      "integrity": "sha512-TBrTpAB6uZNnGQHtSEkbvJZIQ3dXZOrwqQSO9uUbwct3G2LitwBCE5YZj98MbQ5nzihzs5pRjY1K9RRLH4WgoA==",
      "license": "MIT",
      "dependencies": {
        "@inquirer/core": "^11.0.1",
        "@inquirer/type": "^4.0.1"
      },
      "engines": {
        "node": ">=23.5.0 || ^22.13.0 || ^21.7.0 || ^20.12.0"
      },
      "peerDependencies": {
        "@types/node": ">=18"
      },
      "peerDependenciesMeta": {
        "@types/node": {
          "optional": true
        }
      }
    },
    "node_modules/@inquirer/external-editor": {
      "version": "2.0.1",
      "resolved": "https://registry.npmjs.org/@inquirer/external-editor/-/external-editor-2.0.1.tgz",
      "integrity": "sha512-BPYWJXCAK9w6R+pb2s3WyxUz9ts9SP/LDOUwA9fu7LeuyYgojz83i0DSRwezu736BgMwz14G63Xwj70hSzHohQ==",
      "license": "MIT",
      "dependencies": {
        "chardet": "^2.1.1",
        "iconv-lite": "^0.7.0"
      },
      "engines": {
        "node": ">=23.5.0 || ^22.13.0 || ^21.7.0 || ^20.12.0"
      },
      "peerDependencies": {
        "@types/node": ">=18"
      },
      "peerDependenciesMeta": {
        "@types/node": {
          "optional": true
        }
      }
    },
    "node_modules/@inquirer/figures": {
      "version": "2.0.1",
      "resolved": "https://registry.npmjs.org/@inquirer/figures/-/figures-2.0.1.tgz",
      "integrity": "sha512-KtMxyjLCuDFqAWHmCY9qMtsZ09HnjMsm8H3OvpSIpfhHdfw3/AiGWHNrfRwbyvHPtOJpumm8wGn5fkhtvkWRsg==",
      "license": "MIT",
      "engines": {
        "node": ">=23.5.0 || ^22.13.0 || ^21.7.0 || ^20.12.0"
      }
    },
    "node_modules/@inquirer/input": {
      "version": "5.0.1",
      "resolved": "https://registry.npmjs.org/@inquirer/input/-/input-5.0.1.tgz",
      "integrity": "sha512-cEhEUohCpE2BCuLKtFFZGp4Ief05SEcqeAOq9NxzN5ThOQP8Rl5N/Nt9VEDORK1bRb2Sk/zoOyQYfysPQwyQtA==",
      "license": "MIT",
      "dependencies": {
        "@inquirer/core": "^11.0.1",
        "@inquirer/type": "^4.0.1"
      },
      "engines": {
        "node": ">=23.5.0 || ^22.13.0 || ^21.7.0 || ^20.12.0"
      },
      "peerDependencies": {
        "@types/node": ">=18"
      },
      "peerDependenciesMeta": {
        "@types/node": {
          "optional": true
        }
      }
    },
    "node_modules/@inquirer/number": {
      "version": "4.0.1",
      "resolved": "https://registry.npmjs.org/@inquirer/number/-/number-4.0.1.tgz",
      "integrity": "sha512-4//zgBGHe8Q/FfCoUXZUrUHyK/q5dyqiwsePz3oSSPSmw1Ijo35ZkjaftnxroygcUlLYfXqm+0q08lnB5hd49A==",
      "license": "MIT",
      "dependencies": {
        "@inquirer/core": "^11.0.1",
        "@inquirer/type": "^4.0.1"
      },
      "engines": {
        "node": ">=23.5.0 || ^22.13.0 || ^21.7.0 || ^20.12.0"
      },
      "peerDependencies": {
        "@types/node": ">=18"
      },
      "peerDependenciesMeta": {
        "@types/node": {
          "optional": true
        }
      }
    },
    "node_modules/@inquirer/password": {
      "version": "5.0.1",
      "resolved": "https://registry.npmjs.org/@inquirer/password/-/password-5.0.1.tgz",
      "integrity": "sha512-UJudHpd7Ia30Q+x+ctYqI9Nh6SyEkaBscpa7J6Ts38oc1CNSws0I1hJEdxbQBlxQd65z5GEJPM4EtNf6tzfWaQ==",
      "license": "MIT",
      "dependencies": {
        "@inquirer/ansi": "^2.0.1",
        "@inquirer/core": "^11.0.1",
        "@inquirer/type": "^4.0.1"
      },
      "engines": {
        "node": ">=23.5.0 || ^22.13.0 || ^21.7.0 || ^20.12.0"
      },
      "peerDependencies": {
        "@types/node": ">=18"
      },
      "peerDependenciesMeta": {
        "@types/node": {
          "optional": true
        }
      }
    },
    "node_modules/@inquirer/prompts": {
      "version": "8.0.1",
      "resolved": "https://registry.npmjs.org/@inquirer/prompts/-/prompts-8.0.1.tgz",
      "integrity": "sha512-MURRu/cyvLm9vchDDaVZ9u4p+ADnY0Mz3LQr0KTgihrrvuKZlqcWwlBC4lkOMvd0KKX4Wz7Ww9+uA7qEpQaqjg==",
      "license": "MIT",
      "dependencies": {
        "@inquirer/checkbox": "^5.0.1",
        "@inquirer/confirm": "^6.0.1",
        "@inquirer/editor": "^5.0.1",
        "@inquirer/expand": "^5.0.1",
        "@inquirer/input": "^5.0.1",
        "@inquirer/number": "^4.0.1",
        "@inquirer/password": "^5.0.1",
        "@inquirer/rawlist": "^5.0.1",
        "@inquirer/search": "^4.0.1",
        "@inquirer/select": "^5.0.1"
      },
      "engines": {
        "node": ">=23.5.0 || ^22.13.0 || ^21.7.0 || ^20.12.0"
      },
      "peerDependencies": {
        "@types/node": ">=18"
      },
      "peerDependenciesMeta": {
        "@types/node": {
          "optional": true
        }
      }
    },
    "node_modules/@inquirer/rawlist": {
      "version": "5.0.1",
      "resolved": "https://registry.npmjs.org/@inquirer/rawlist/-/rawlist-5.0.1.tgz",
      "integrity": "sha512-vVfVHKUgH6rZmMlyd0jOuGZo0Fw1jfcOqZF96lMwlgavx7g0x7MICe316bV01EEoI+c68vMdbkTTawuw3O+Fgw==",
      "license": "MIT",
      "dependencies": {
        "@inquirer/core": "^11.0.1",
        "@inquirer/type": "^4.0.1"
      },
      "engines": {
        "node": ">=23.5.0 || ^22.13.0 || ^21.7.0 || ^20.12.0"
      },
      "peerDependencies": {
        "@types/node": ">=18"
      },
      "peerDependenciesMeta": {
        "@types/node": {
          "optional": true
        }
      }
    },
    "node_modules/@inquirer/search": {
      "version": "4.0.1",
      "resolved": "https://registry.npmjs.org/@inquirer/search/-/search-4.0.1.tgz",
      "integrity": "sha512-XwiaK5xBvr31STX6Ji8iS3HCRysBXfL/jUbTzufdWTS6LTGtvDQA50oVETt1BJgjKyQBp9vt0VU6AmU/AnOaGA==",
      "license": "MIT",
      "dependencies": {
        "@inquirer/core": "^11.0.1",
        "@inquirer/figures": "^2.0.1",
        "@inquirer/type": "^4.0.1"
      },
      "engines": {
        "node": ">=23.5.0 || ^22.13.0 || ^21.7.0 || ^20.12.0"
      },
      "peerDependencies": {
        "@types/node": ">=18"
      },
      "peerDependenciesMeta": {
        "@types/node": {
          "optional": true
        }
      }
    },
    "node_modules/@inquirer/select": {
      "version": "5.0.1",
      "resolved": "https://registry.npmjs.org/@inquirer/select/-/select-5.0.1.tgz",
      "integrity": "sha512-gPByrgYoezGyKMq5KjV7Tuy1JU2ArIy6/sI8sprw0OpXope3VGQwP5FK1KD4eFFqEhKu470Dwe6/AyDPmGRA0Q==",
      "license": "MIT",
      "dependencies": {
        "@inquirer/ansi": "^2.0.1",
        "@inquirer/core": "^11.0.1",
        "@inquirer/figures": "^2.0.1",
        "@inquirer/type": "^4.0.1"
      },
      "engines": {
        "node": ">=23.5.0 || ^22.13.0 || ^21.7.0 || ^20.12.0"
      },
      "peerDependencies": {
        "@types/node": ">=18"
      },
      "peerDependenciesMeta": {
        "@types/node": {
          "optional": true
        }
      }
    },
    "node_modules/@inquirer/type": {
      "version": "4.0.1",
      "resolved": "https://registry.npmjs.org/@inquirer/type/-/type-4.0.1.tgz",
      "integrity": "sha512-odO8YwoQAw/eVu/PSPsDDVPmqO77r/Mq7zcoF5VduVqIu2wSRWUgmYb5K9WH1no0SjLnOe8MDKtDL++z6mfo2g==",
      "license": "MIT",
      "engines": {
        "node": ">=23.5.0 || ^22.13.0 || ^21.7.0 || ^20.12.0"
      },
      "peerDependencies": {
        "@types/node": ">=18"
      },
      "peerDependenciesMeta": {
        "@types/node": {
          "optional": true
        }
      }
    },
    "node_modules/@ioredis/commands": {
      "version": "1.4.0",
      "resolved": "https://registry.npmjs.org/@ioredis/commands/-/commands-1.4.0.tgz",
      "integrity": "sha512-aFT2yemJJo+TZCmieA7qnYGQooOS7QfNmYrzGtsYd3g9j5iDP8AimYYAesf79ohjbLG12XxC4nG5DyEnC88AsQ==",
      "license": "MIT"
    },
    "node_modules/ansi-regex": {
      "version": "6.2.2",
      "resolved": "https://registry.npmjs.org/ansi-regex/-/ansi-regex-6.2.2.tgz",
      "integrity": "sha512-Bq3SmSpyFHaWjPk8If9yc6svM8c56dB5BAtW4Qbw5jHTwwXXcTLoRMkpDJp6VL0XzlWaCHTXrkFURMYmD0sLqg==",
      "license": "MIT",
      "engines": {
        "node": ">=12"
      },
      "funding": {
        "url": "https://github.com/chalk/ansi-regex?sponsor=1"
      }
    },
    "node_modules/ansi-styles": {
      "version": "6.2.3",
      "resolved": "https://registry.npmjs.org/ansi-styles/-/ansi-styles-6.2.3.tgz",
      "integrity": "sha512-4Dj6M28JB+oAH8kFkTLUo+a2jwOFkuqb3yucU0CANcRRUbxS0cP0nZYCGjcc3BNXwRIsUVmDGgzawme7zvJHvg==",
      "license": "MIT",
      "engines": {
        "node": ">=12"
      },
      "funding": {
        "url": "https://github.com/chalk/ansi-styles?sponsor=1"
      }
    },
    "node_modules/chardet": {
      "version": "2.1.1",
      "resolved": "https://registry.npmjs.org/chardet/-/chardet-2.1.1.tgz",
      "integrity": "sha512-PsezH1rqdV9VvyNhxxOW32/d75r01NY7TQCmOqomRo15ZSOKbpTFVsfjghxo6JloQUCGnH4k1LGu0R4yCLlWQQ==",
      "license": "MIT"
    },
    "node_modules/cli-width": {
      "version": "4.1.0",
      "resolved": "https://registry.npmjs.org/cli-width/-/cli-width-4.1.0.tgz",
      "integrity": "sha512-ouuZd4/dm2Sw5Gmqy6bGyNNNe1qt9RpmxveLSO7KcgsTnU7RXfsw+/bukWGo1abgBiMAic068rclZsO4IWmmxQ==",
      "license": "ISC",
      "engines": {
        "node": ">= 12"
      }
    },
    "node_modules/cluster-key-slot": {
      "version": "1.1.2",
      "resolved": "https://registry.npmjs.org/cluster-key-slot/-/cluster-key-slot-1.1.2.tgz",
      "integrity": "sha512-RMr0FhtfXemyinomL4hrWcYJxmX6deFdCxpJzhDttxgO1+bcCnkk+9drydLVDmAMG7NE6aN/fl4F7ucU/90gAA==",
      "license": "Apache-2.0",
      "engines": {
        "node": ">=0.10.0"
      }
    },
    "node_modules/debug": {
      "version": "4.4.3",
      "resolved": "https://registry.npmjs.org/debug/-/debug-4.4.3.tgz",
      "integrity": "sha512-RGwwWnwQvkVfavKVt22FGLw+xYSdzARwm0ru6DhTVA3umU5hZc28V3kO4stgYryrTlLpuvgI9GiijltAjNbcqA==",
      "license": "MIT",
      "dependencies": {
        "ms": "^2.1.3"
      },
      "engines": {
        "node": ">=6.0"
      },
      "peerDependenciesMeta": {
        "supports-color": {
          "optional": true
        }
      }
    },
    "node_modules/denque": {
      "version": "2.1.0",
      "resolved": "https://registry.npmjs.org/denque/-/denque-2.1.0.tgz",
      "integrity": "sha512-HVQE3AAb/pxF8fQAoiqpvg9i3evqug3hoiwakOyZAwJm+6vZehbkYXZ0l4JxS+I3QxM97v5aaRNhj8v5oBhekw==",
      "license": "Apache-2.0",
      "engines": {
        "node": ">=0.10"
      }
    },
    "node_modules/emoji-regex": {
      "version": "10.6.0",
      "resolved": "https://registry.npmjs.org/emoji-regex/-/emoji-regex-10.6.0.tgz",
      "integrity": "sha512-toUI84YS5YmxW219erniWD0CIVOo46xGKColeNQRgOzDorgBi1v4D71/OFzgD9GO2UGKIv1C3Sp8DAn0+j5w7A==",
      "license": "MIT"
    },
    "node_modules/get-east-asian-width": {
      "version": "1.4.0",
      "resolved": "https://registry.npmjs.org/get-east-asian-width/-/get-east-asian-width-1.4.0.tgz",
      "integrity": "sha512-QZjmEOC+IT1uk6Rx0sX22V6uHWVwbdbxf1faPqJ1QhLdGgsRGCZoyaQBm/piRdJy/D2um6hM1UP7ZEeQ4EkP+Q==",
      "license": "MIT",
      "engines": {
        "node": ">=18"
      },
      "funding": {
        "url": "https://github.com/sponsors/sindresorhus"
      }
    },
    "node_modules/iconv-lite": {
      "version": "0.7.0",
      "resolved": "https://registry.npmjs.org/iconv-lite/-/iconv-lite-0.7.0.tgz",
      "integrity": "sha512-cf6L2Ds3h57VVmkZe+Pn+5APsT7FpqJtEhhieDCvrE2MK5Qk9MyffgQyuxQTm6BChfeZNtcOLHp9IcWRVcIcBQ==",
      "license": "MIT",
      "dependencies": {
        "safer-buffer": ">= 2.1.2 < 3.0.0"
      },
      "engines": {
        "node": ">=0.10.0"
      },
      "funding": {
        "type": "opencollective",
        "url": "https://opencollective.com/express"
      }
    },
    "node_modules/ioredis": {
      "version": "5.8.2",
      "resolved": "https://registry.npmjs.org/ioredis/-/ioredis-5.8.2.tgz",
      "integrity": "sha512-C6uC+kleiIMmjViJINWk80sOQw5lEzse1ZmvD+S/s8p8CWapftSaC+kocGTx6xrbrJ4WmYQGC08ffHLr6ToR6Q==",
      "license": "MIT",
      "dependencies": {
        "@ioredis/commands": "1.4.0",
        "cluster-key-slot": "^1.1.0",
        "debug": "^4.3.4",
        "denque": "^2.1.0",
        "lodash.defaults": "^4.2.0",
        "lodash.isarguments": "^3.1.0",
        "redis-errors": "^1.2.0",
        "redis-parser": "^3.0.0",
        "standard-as-callback": "^2.1.0"
      },
      "engines": {
        "node": ">=12.22.0"
      },
      "funding": {
        "type": "opencollective",
        "url": "https://opencollective.com/ioredis"
      }
    },
    "node_modules/lodash.defaults": {
      "version": "4.2.0",
      "resolved": "https://registry.npmjs.org/lodash.defaults/-/lodash.defaults-4.2.0.tgz",
      "integrity": "sha512-qjxPLHd3r5DnsdGacqOMU6pb/avJzdh9tFX2ymgoZE27BmjXrNy/y4LoaiTeAb+O3gL8AfpJGtqfX/ae2leYYQ==",
      "license": "MIT"
    },
    "node_modules/lodash.isarguments": {
      "version": "3.1.0",
      "resolved": "https://registry.npmjs.org/lodash.isarguments/-/lodash.isarguments-3.1.0.tgz",
      "integrity": "sha512-chi4NHZlZqZD18a0imDHnZPrDeBbTtVN7GXMwuGdRH9qotxAjYs3aVLKc7zNOG9eddR5Ksd8rvFEBc9SsggPpg==",
      "license": "MIT"
    },
    "node_modules/ms": {
      "version": "2.1.3",
      "resolved": "https://registry.npmjs.org/ms/-/ms-2.1.3.tgz",
      "integrity": "sha512-6FlzubTLZG3J2a/NVCAleEhjzq5oxgHyaCU9yYXvcLsvoVaHJq/s5xXI6/XXP6tz7R9xAOtHnSO/tXtF3WRTlA==",
      "license": "MIT"
    },
    "node_modules/mute-stream": {
      "version": "3.0.0",
      "resolved": "https://registry.npmjs.org/mute-stream/-/mute-stream-3.0.0.tgz",
      "integrity": "sha512-dkEJPVvun4FryqBmZ5KhDo0K9iDXAwn08tMLDinNdRBNPcYEDiWYysLcc6k3mjTMlbP9KyylvRpd4wFtwrT9rw==",
      "license": "ISC",
      "engines": {
        "node": "^20.17.0 || >=22.9.0"
      }
    },
    "node_modules/redis-errors": {
      "version": "1.2.0",
      "resolved": "https://registry.npmjs.org/redis-errors/-/redis-errors-1.2.0.tgz",
      "integrity": "sha512-1qny3OExCf0UvUV/5wpYKf2YwPcOqXzkwKKSmKHiE6ZMQs5heeE/c8eXK+PNllPvmjgAbfnsbpkGZWy8cBpn9w==",
      "license": "MIT",
      "engines": {
        "node": ">=4"
      }
    },
    "node_modules/redis-parser": {
      "version": "3.0.0",
      "resolved": "https://registry.npmjs.org/redis-parser/-/redis-parser-3.0.0.tgz",
      "integrity": "sha512-DJnGAeenTdpMEH6uAJRK/uiyEIH9WVsUmoLwzudwGJUwZPp80PDBWPHXSAGNPwNvIXAbe7MSUB1zQFugFml66A==",
      "license": "MIT",
      "dependencies": {
        "redis-errors": "^1.0.0"
      },
      "engines": {
        "node": ">=4"
      }
    },
    "node_modules/safer-buffer": {
      "version": "2.1.2",
      "resolved": "https://registry.npmjs.org/safer-buffer/-/safer-buffer-2.1.2.tgz",
      "integrity": "sha512-YZo3K82SD7Riyi0E1EQPojLz7kpepnSQI9IyPbHHg1XXXevb5dJI7tpyN2ADxGcQbHG7vcyRHk0cbwqcQriUtg==",
      "license": "MIT"
    },
    "node_modules/signal-exit": {
      "version": "4.1.0",
      "resolved": "https://registry.npmjs.org/signal-exit/-/signal-exit-4.1.0.tgz",
      "integrity": "sha512-bzyZ1e88w9O1iNJbKnOlvYTrWPDl46O1bG0D3XInv+9tkPrxrN8jUUTiFlDkkmKWgn1M6CfIA13SuGqOa9Korw==",
      "license": "ISC",
      "engines": {
        "node": ">=14"
      },
      "funding": {
        "url": "https://github.com/sponsors/isaacs"
      }
    },
    "node_modules/standard-as-callback": {
      "version": "2.1.0",
      "resolved": "https://registry.npmjs.org/standard-as-callback/-/standard-as-callback-2.1.0.tgz",
      "integrity": "sha512-qoRRSyROncaz1z0mvYqIE4lCd9p2R90i6GxW3uZv5ucSu8tU7B5HXUP1gG8pVZsYNVaXjk8ClXHPttLyxAL48A==",
      "license": "MIT"
    },
    "node_modules/string-width": {
      "version": "7.2.0",
      "resolved": "https://registry.npmjs.org/string-width/-/string-width-7.2.0.tgz",
      "integrity": "sha512-tsaTIkKW9b4N+AEj+SVA+WhJzV7/zMhcSu78mLKWSk7cXMOSHsBKFWUs0fWwq8QyK3MgJBQRX6Gbi4kYbdvGkQ==",
      "license": "MIT",
      "dependencies": {
        "emoji-regex": "^10.3.0",
        "get-east-asian-width": "^1.0.0",
        "strip-ansi": "^7.1.0"
      },
      "engines": {
        "node": ">=18"
      },
      "funding": {
        "url": "https://github.com/sponsors/sindresorhus"
      }
    },
    "node_modules/strip-ansi": {
      "version": "7.1.2",
      "resolved": "https://registry.npmjs.org/strip-ansi/-/strip-ansi-7.1.2.tgz",
      "integrity": "sha512-gmBGslpoQJtgnMAvOVqGZpEz9dyoKTCzy2nfz/n8aIFhN/jCE/rCmcxabB6jOOHV+0WNnylOxaxBQPSvcWklhA==",
      "license": "MIT",
      "dependencies": {
        "ansi-regex": "^6.0.1"
      },
      "engines": {
        "node": ">=12"
      },
      "funding": {
        "url": "https://github.com/chalk/strip-ansi?sponsor=1"
      }
    },
    "node_modules/wrap-ansi": {
      "version": "9.0.2",
      "resolved": "https://registry.npmjs.org/wrap-ansi/-/wrap-ansi-9.0.2.tgz",
      "integrity": "sha512-42AtmgqjV+X1VpdOfyTGOYRi0/zsoLqtXQckTmqTeybT+BDIbM/Guxo7x3pE2vtpr1ok6xRqM9OpBe+Jyoqyww==",
      "license": "MIT",
      "dependencies": {
        "ansi-styles": "^6.2.1",
        "string-width": "^7.0.0",
        "strip-ansi": "^7.1.0"
      },
      "engines": {
        "node": ">=18"
      },
      "funding": {
        "url": "https://github.com/chalk/wrap-ansi?sponsor=1"
      }
    }
  }
}
